# rowstile 0.1.0-alpha.6: what the migrations so far have made, for the next one to start from.
# Generated by rowstile migrate; commit it with the migrations, and don't edit it.
> app role starter_app
> type user = app.users
> type team = app.teams
> type team: member : user = app.team_members(team_id -> user_id)
> type document = app.documents
> type document: owner : user = owner_id
> type document: editor : user, team#member shared
> type document: viewer : user, team#member shared
> type document: can share = owner or editor
> type document: can edit = share or editor
> type document: can view = edit or viewer
> rules app.documents
> rules app.documents: select : view
> rules app.documents: insert : owner
> rules app.documents: update : edit
> rules app.documents: update owner_id : nobody
> rules app.documents: delete : share

always | 2bd5861cb268
function authz.act_as(p_type text, p_id text) | 460fba7e3b56 shape=0b4efcae
function authz.break_glass(p_type text, p_id bigint, p_relation text, p_reason text, p_duration interval) | ade6dbb78b04 shape=70a253d5
function authz.break_glass(p_type text, p_id text, p_relation text, p_reason text, p_duration interval) | c1a455b699be shape=77f3e79f
function authz.can(p_type text, p_id bigint, p_perm text) | 3b89f3888983 shape=a0df7b00
function authz.can(p_type text, p_id text, p_perm text) | 8119b78c10a6 shape=220bc89f
function authz.cancel_request(p_id bigint) | 43b157c68cd3 shape=19aa0bb3
function authz.changes_since(p_pos bigint, p_limit int) | b494cb9cea48 shape=0448ffba
function authz.check_invariants() | 5aef0a75a93e shape=a2072420
function authz.close_review(p_review bigint, p_revoke_undecided boolean) | e61871955a1a shape=8a35940c
function authz.connection_check() | 4ee0df7237af shape=35f6ddfc
function authz.create_api_key(p_name text, p_scopes text, p_expires_at timestamptz, p_principal_type text, p_principal_id text) | 25ceb02667e3 shape=bff4e5f3
function authz.create_link(p_type text, p_id bigint, p_relation text, p_expires_at timestamptz) | 3737b3f6cdd1 shape=f4261756
function authz.create_link(p_type text, p_id text, p_relation text, p_expires_at timestamptz) | 94706d6ae734 shape=08f941c7
function authz.create_role(p_owner_type text, p_owner_id bigint, p_object_type text, p_name text, p_permissions text[]) | 204199562663 shape=67327103
function authz.create_role(p_owner_type text, p_owner_id text, p_object_type text, p_name text, p_permissions text[]) | 48a7986a0560 shape=b74c801b
function authz.decide_request(p_id bigint, p_approve boolean, p_note text) | fffab9408221 shape=ebe1e76d
function authz.delete_role(p_role bigint) | 3b857912dc18 shape=7c823e86
function authz.explain(p_type text, p_id bigint, p_perm text, p_user text) | e9fc8335de7a shape=0a2287cd
function authz.explain(p_type text, p_id text, p_perm text, p_user text) | 050d37831237 shape=7d6de14b
function authz.explain_rule(p_table text, p_command text, p_id text, p_row jsonb) | b767534d5127 shape=1223ad2f
function authz.lint() | 84fa9540c5f2 shape=54cb1505
function authz.list(p_type text, p_perm text, p_after text, p_limit int) | 7cfab4ac41b6 shape=e713a7cc
function authz.list_api_keys(p_principal_type text, p_principal_id text) | 9a3b10b6e81a shape=04dcffde
function authz.list_links(p_type text, p_id bigint) | 740da2e3c91e shape=594bc19e
function authz.list_links(p_type text, p_id text) | a2d91074fb5c shape=a74ce96d
function authz.list_shares(p_type text, p_id bigint) | ac72a4d55b8e shape=63c58ea1
function authz.list_shares(p_type text, p_id text) | 3eb4ea871fe0 shape=36731fe1
function authz.login_jwt(p_token text) | 800d43cbf9a7 shape=57d5745b
function authz.login_key(p_token text) | 2db0ca9543a5 shape=f3077520
function authz.pending_requests() | e95da3d168f5 shape=872485a8
function authz.perms(p_type text, p_id bigint) | 0326a9267ef0 shape=15912e3e
function authz.perms(p_type text, p_id text) | 229712a51b81 shape=cd5e1942
function authz.perms_of(p_type text, p_ids text[]) | 6cb4d6d6f68e shape=00a7b763
function authz.principal() | 8e6aac9f36ba shape=bda73c60
function authz.request_access(p_type text, p_id bigint, p_relation text, p_reason text, p_duration interval) | aa594c43b7aa shape=c44eec2e
function authz.request_access(p_type text, p_id text, p_relation text, p_reason text, p_duration interval) | 2e67afca6a6e shape=ab39b58e
function authz.review_decide(p_review bigint, p_item int, p_keep boolean) | 91f4a26d44c5 shape=76724fb2
function authz.review_items(p_review bigint) | f29f85026c05 shape=fc0e6cb7
function authz.revoke_api_key(p_id bigint) | 41b6ea6ad58c shape=590521c4
function authz.revoke_link(p_type text, p_id bigint, p_link text) | 69333105fbd4 shape=4ce00ed3
function authz.revoke_link(p_type text, p_id text, p_link text) | 7488c637bb10 shape=6418747f
function authz.roles_of(p_owner_type text, p_owner_id bigint) | 118e4ddbfcfa shape=77be0f38
function authz.roles_of(p_owner_type text, p_owner_id text) | 63ff9b9457bd shape=e439cd41
function authz.set_role_permissions(p_role bigint, p_permissions text[]) | 8a936f1cfbbb shape=3cffc528
function authz.share(p_type text, p_id bigint, p_relation text, p_subject_type text, p_subject_id bigint, p_subject_relation text, p_expires_at timestamptz, p_starts_at timestamptz, p_caveat text, p_caveat_args jsonb) | 432b631cd9d6 shape=38174c64
function authz.share(p_type text, p_id bigint, p_relation text, p_subject_type text, p_subject_id text, p_subject_relation text, p_expires_at timestamptz, p_starts_at timestamptz, p_caveat text, p_caveat_args jsonb) | 9aa2633d3679 shape=9eda2a73
function authz.share(p_type text, p_id text, p_relation text, p_subject_type text, p_subject_id text, p_subject_relation text, p_expires_at timestamptz, p_starts_at timestamptz, p_caveat text, p_caveat_args jsonb) | 0633214ef5e5 shape=386e2b78
function authz.start_review(p_type text, p_id bigint, p_closes_at timestamptz) | ede0d805b2b1 shape=c2dba351
function authz.start_review(p_type text, p_id text, p_closes_at timestamptz) | 102af3ff6add shape=879e84e5
function authz.sync_members(p_type text, p_id text, p_relation text, p_members text[], OUT added int, OUT removed int) | 803dcc0ac4a5 shape=c0ea90e1
function authz.trim_audit(p_keep interval) | b857fd9cfd19 shape=59da80c2
function authz.trim_changes(p_keep interval) | 99129c6c680e shape=5f059d1e
function authz.uid() | 0f4adb0778a8 shape=12cd26c8
function authz.unshare(p_type text, p_id bigint, p_relation text, p_subject_type text, p_subject_id bigint, p_subject_relation text) | 9fe75a510714 shape=55f81bb0
function authz.unshare(p_type text, p_id bigint, p_relation text, p_subject_type text, p_subject_id text, p_subject_relation text) | 72397e26cf97 shape=0bec2b1b
function authz.unshare(p_type text, p_id text, p_relation text, p_subject_type text, p_subject_id text, p_subject_relation text) | 8b4075bad40f shape=d4ebe9cc
function authz.verify() | c964ca8adb45 shape=8e0f53a6
function authz.view_as(p_user text, p_reason text) | f153c2292395 shape=5d7b6326
function authz.who(p_type text, p_id bigint, p_perm text) | 2e6bf67dc8a8 shape=9a149138
function authz.who(p_type text, p_id text, p_perm text) | 30393274eeec shape=1cf83af9
function authz.who_among(p_type text, p_id bigint, p_perm text, p_users text[], p_principal_type text) | c12c43bbe47f shape=9f8e2d53
function authz.who_among(p_type text, p_id text, p_perm text, p_users text[], p_principal_type text) | 01aaf32fb926 shape=17b9de43
function authz_gen."app.documents:column_1:items"(p_row "app"."documents") | b67c4ea1ef1b shape=d5d9091e atomic
function authz_gen."app.documents:column_1:why"(p_row "app"."documents") | cbe702099917 shape=fe1332da
function authz_gen."app.documents:delete:items"(p_row "app"."documents") | 06f6b23fd67a shape=04a9783d atomic
function authz_gen."app.documents:delete:why"(p_row "app"."documents") | 56827582955a shape=30fd688d
function authz_gen."app.documents:insert:items"(p_row "app"."documents") | 5ce13c34c07d shape=ba253098 atomic
function authz_gen."app.documents:insert:refuse"(p_row "app"."documents") | 88c5a46f6454 shape=fb63fc65
function authz_gen."app.documents:insert:why"(p_row "app"."documents") | da62b12862f5 shape=e77b9c3e
function authz_gen."app.documents:rules:explain"(p_command text, p_id text, p_row jsonb) | 15be4565206f shape=9ba6e01e
function authz_gen."app.documents:update:items"(p_row "app"."documents") | 398a8da23572 shape=35204b47 atomic
function authz_gen."app.documents:update:refuse"(p_row "app"."documents") | 8332ed8b3a09 shape=0c1aa2d8
function authz_gen."app.documents:update:why"(p_row "app"."documents") | 76b39fc64b5f shape=4ac26c95
function authz_int."document__col_audit_del"() | 06fea1b9d51c shape=c9801d11
function authz_int."document__col_audit_ins"() | 57b11890f6d6 shape=7a85f8d0
function authz_int."document__col_audit_row"() | a3a78b3ae306 shape=df6bc289
function authz_int."document__col_audit_trunc"() | 19791bb7f343 shape=42a3b89e
function authz_int."document__col_audit_upd"() | c9c10a71d1a2 shape=35105a02
function authz_int."document__edit__who"(p_id bigint) | 6d853a4f6ddc shape=d8ee3181
function authz_int."document__edit__why"(p_id bigint, p_depth int, p_seen text[]) | c0133e5411cd shape=a161be94
function authz_int."document__editor__who"(p_id bigint) | af865249ed2b shape=0a836cfa
function authz_int."document__editor__why"(p_id bigint, p_depth int, p_seen text[]) | b061b6c65f23 shape=feeac8b3
function authz_int."document__forget"() | 72a53cfcf2e4 shape=ff53baeb
function authz_int."document__forget_id"() | bc804708c383 shape=4b899423
function authz_int."document__owner__who"(p_id bigint) | ecb24e57d935 shape=5e1dd53c
function authz_int."document__owner__why"(p_id bigint, p_depth int, p_seen text[]) | 3d1fcfb297fd shape=17384429
function authz_int."document__share__who"(p_id bigint) | b74694a749b0 shape=9a71f097
function authz_int."document__share__why"(p_id bigint, p_depth int, p_seen text[]) | d67e57a478b8 shape=c6b25471
function authz_int."document__update_1"() | a25decc969ba shape=01d8289f
function authz_int."document__view__who"(p_id bigint) | 533b8e3d64fa shape=c4ed0faf
function authz_int."document__view__why"(p_id bigint, p_depth int, p_seen text[]) | d66ab3d37ee6 shape=8989235f
function authz_int."document__viewer__who"(p_id bigint) | f6d4f6dffaaa shape=03c60cfe
function authz_int."document__viewer__why"(p_id bigint, p_depth int, p_seen text[]) | fa703644d909 shape=a0bfe947
function authz_int."rel_audit_1_del"() | 7ec2a9615a21 shape=ca2c96f6
function authz_int."rel_audit_1_ins"() | d3e619b3c6d2 shape=b10e83cf
function authz_int."rel_audit_1_trunc"() | ffc741e9101d shape=95453c8d
function authz_int."rel_audit_1_upd"() | 91ec4a413436 shape=ebc0a1d0
function authz_int."team__forget"() | f014f2e5cfb2 shape=8418a4fe
function authz_int."team__forget_id"() | 76b0b4e8ef62 shape=3856e655
function authz_int."team__member__who"(p_id bigint) | 772c1a9c93c4 shape=96426199
function authz_int."team__member__why"(p_id bigint, p_depth int, p_seen text[]) | 920901332a6b shape=fd967d36
function authz_int."user__forget"() | a2c166cae86d shape=4753fdb6
function authz_int."user__forget_id"() | 22b466287ca9 shape=d0d8b00d
function authz_int.actor() | 8bcfa089bd24 shape=36514ce1
function authz_int.audit(p_action text, p_object_type text, p_object_id text, p_relation text, p_subject_type text, p_subject_id text, p_subject_relation text, p_detail jsonb) | dd7473f6f4fb shape=4b9c4b05
function authz_int.audit_is_append_only() | 9841e693342c shape=6d19848d
function authz_int.b64url(p text) | 5692fc0b5c1e shape=17f0c842
function authz_int.caller_is_admin() | 33a690b7bfd1 shape=268ddaf7
function authz_int.caller_role() | f21245c06777 shape=96997846
function authz_int.canon(p_type text, p_id text) | 31ac6d3f6913 shape=ab774d8a
function authz_int.changed(p_type text, p_ids text[], p_cause text) | 3c2e76af9dc3 shape=7a5b1adc
function authz_int.check_manage_keys(p_type text, p_id text) | adaad3faff2b shape=391727a0
function authz_int.check_writable() | 87ff3161cc1d shape=a16d3e7b
function authz_int.hmac_sha256(p_key bytea, p_msg bytea) | 33edf164bad5 shape=4d6b17ae
function authz_int.link_relations(p_type text, p_id text) | 9a47fb2992d0 shape=8bbe4201
function authz_int.manage_perm(p_type text, p_relation text, p_subject text) | 09bf2a459153 shape=5b4aa64c
function authz_int.may_inspect(p_type text, p_id text) | c144ba24c8dd shape=0942af2e
function authz_int.may_manage(p_type text, p_id text, p_relation text, p_subject text) | a92f01d8d85a shape=4b7f1aa2
function authz_int.on_grant() | 9be0691fe65f shape=e128dbcd
function authz_int.on_role() | 374a49793145 shape=e9d1adac
function authz_int.policy_path() | e79bf262c639 shape=79d267c2
function authz_int.role_gone() | beab44fb9bb2 shape=970d6f43
function authz_int.role_owned(p_type text, p_id text, p_owner_type text, p_owner_id text) | 50a4cd17c18e shape=4a4c60e9
function authz_int.role_owner_type(p_object_type text) | 979dfa0e93ee shape=1632cfb5
function authz_int.role_relations(p_type text, p_perm text) | a76149d22783 shape=db85f6c2
function authz_int.scope_cmd(p_table text, p_cmd text) | 3473f95d8cfd shape=935f1a39
function authz_int.scope_perm(p_type text, p_perm text) | b54d98533b98 shape=6c64efba
function authz_int.scopes_active() | 2ad7d14d2bec shape=a01d60f5
function authz_int.session_ok() | 6695051b2384 shape=5f5c1ab1
function authz_int.session_refused() | 1bba4bdf36fe shape=3950e31a
function authz_int.session_sig() | 52b1d4733768 shape=7531c149
function authz_int.share_if(p_key text, p_object_id text, p_subject_type text, p_subject_id text, p_subject_relation text) | 36fbdc8a3756 shape=f9b63b7b
function authz_int.shares_canon() | 641cdc251996 shape=ebabc566
function authz_int.sign() | 26fda3872285 shape=de0f1c18
function authz_int.subject_key(p_type text, p_id text, p_relation text) | fda03b078e77 shape=13054e65
function authz_int.visible(p_type text, p_id text) | 26ba604b88a4 shape=e14964bd
function authz_int.writable() | dce4bbfe1638 shape=2260a03a
policy "authz_delete" ON "app"."documents" | 2c9d022f1791
policy "authz_insert" ON "app"."documents" | 4b2046a1c880
policy "authz_select" ON "app"."documents" | 3924537521df
policy "authz_update" ON "app"."documents" | a28e8ea31119
rls "app"."documents" | 4b02334b84e4
schema authz_gen | 2956c2066787
schema authz_int | 985712437937
step base | 65f0fce9c06c
step cascades | 12a03bc04ec6
step grant_api | 6e9c613effbb
step grant_functions | 879b77eb6ad0
step grant_views | 6b25c5ea35a5
step mask_privileges | 0f76f9d7c5d3
step share_indexes | 9109d914b539
step sweep | ad965c86f157
step tables | 929b39834e75
table authz_gen.policy_lines | d70274621e88 shape=dcfedc96
table authz_int.caveats | e8d713b6c2e3 shape=e8d713b6
table authz_int.locks | 1779df2cc717 shape=1779df2c
table authz_int.masked_columns | 2067eb678926 shape=2067eb67
table authz_int.perms | 8705010c55ed shape=1d7ef71f
table authz_int.role_grantable | aa914205cf6b shape=aa914205
table authz_int.role_subjects | 0abfdc400757 shape=0abfdc40
table authz_int.scope_items | 37f4db5fc367 shape=66a4763a
table authz_int.session_key | f99b8771bebc shape=48b1cfb2
table authz_int.shared_relations | f8714915dc5b shape=c57707aa
table authz_int.trees | 02db6ec72102 shape=02db6ec7
table authz_int.types | b8ae1f72f558 shape=b6d5b497
trigger "authz_document_col_audit_del" ON "app"."documents" | 25ab084fcfdd
trigger "authz_document_col_audit_ins" ON "app"."documents" | f5958bfedc6d
trigger "authz_document_col_audit_row" ON "app"."documents" | 116fc58e11aa
trigger "authz_document_col_audit_trunc" ON "app"."documents" | 8b7cce66f430
trigger "authz_document_col_audit_upd" ON "app"."documents" | f9e76e0371d6
trigger "authz_document_forget_del" ON "app"."documents" | 055f2d734189
trigger "authz_document_forget_id" ON "app"."documents" | d15b6ea285bd
trigger "authz_document_forget_trunc" ON "app"."documents" | 768771c53df1
trigger "authz_rel_audit_1_del" ON "app"."team_members" | 802f12b09be1
trigger "authz_rel_audit_1_ins" ON "app"."team_members" | d06cecc53e83
trigger "authz_rel_audit_1_trunc" ON "app"."team_members" | 31b96eb73c18
trigger "authz_rel_audit_1_upd" ON "app"."team_members" | 2a7955b15bee
trigger "authz_team_forget_del" ON "app"."teams" | dbdcaafda099
trigger "authz_team_forget_id" ON "app"."teams" | fab9b6ae956c
trigger "authz_team_forget_trunc" ON "app"."teams" | 2a02ae33fadf
trigger "authz_update_1" ON "app"."documents" | 101e8c0c7978
trigger "authz_user_forget_del" ON "app"."users" | 63d7b93c4cee
trigger "authz_user_forget_id" ON "app"."users" | 0841800077c1
trigger "authz_user_forget_trunc" ON "app"."users" | bffa33c0fe7f
trigger authz_audit_append_only ON authz.audit | cf002ee7a4e4
trigger authz_audit_no_truncate ON authz.audit | 770f364384d3
trigger authz_grant_audit ON authz.shares | fd0f4207936d
trigger authz_role_audit ON authz.roles | d4799a1152c8
trigger authz_role_gone ON authz.roles | c1f1e6ba7c5c
trigger authz_role_perm_audit ON authz.role_permissions | 00c06f622ad5
trigger authz_shares_canon ON authz.shares | 93a3fd26e809
view authz_gen."document__edit" | 8a7e02275a0f
view authz_gen."document__editor" | 05a8e494bd8c
view authz_gen."document__owner" | 2dba8a005529
view authz_gen."document__share" | 62509646656b
view authz_gen."document__view" | 46a794280351
view authz_gen."document__viewer" | 3ac748a5b57b
view authz_gen."team__member" | 221cd1ecf95c
view authz_int."document__edit" | a18f5d68326c
view authz_int."document__editor" | 85c4518e1dc3
view authz_int."document__owner" | c4d80ce253d7
view authz_int."document__share" | 1037830e1ea1
view authz_int."document__view" | c4dd5986665c
view authz_int."document__viewer" | 2d8100c1176d
view authz_int."team__member" | 093a76406264
